
Microsoft Visual Studio Solution File, Format Version 12.00
# Visual Studio Version 17
VisualStudioVersion = 17.9.34701.34
MinimumVisualStudioVersion = 10.0.40219.1
Project("{FAE04EC0-301F-11D3-BF4B-00C04F79EFBC}") = "WebApi", "WebApi\WebApi.csproj", "{6B25F7CB-A6C0-4C2C-A256-93F03E43BC2D}"
EndProject
Global
	GlobalSection(SolutionConfigurationPlatforms) = preSolution
		Debug|Any CPU = Debug|Any CPU
		Release|Any CPU = Release|Any CPU
	EndGlobalSection
	GlobalSection(ProjectConfigurationPlatforms) = postSolution
		{6B25F7CB-A6C0-4C2C-A256-93F03E43BC2D}.Debug|Any CPU.ActiveCfg = Debug|Any CPU
		{6B25F7CB-A6C0-4C2C-A256-93F03E43BC2D}.Debug|Any CPU.Build.0 = Debug|Any CPU
		{6B25F7CB-A6C0-4C2C-A256-93F03E43BC2D}.Release|Any CPU.ActiveCfg = Release|Any CPU
		{6B25F7CB-A6C0-4C2C-A256-93F03E43BC2D}.Release|Any CPU.Build.0 = Release|Any CPU
	EndGlobalSection
	GlobalSection(SolutionProperties) = preSolution
		HideSolutionNode = FALSE
	EndGlobalSection
	GlobalSection(ExtensibilityGlobals) = postSolution
		SolutionGuid = {62859AE9-10D7-43B9-B9D8-9FCF13ED9FCF}
	EndGlobalSection
EndGlobal
